
Microsoft Visual Studio Solution File, Format Version 12.00
# Visual Studio Version 17
VisualStudioVersion = 17.12.35527.113
MinimumVisualStudioVersion = 10.0.40219.1
Project("{2150E333-8FDC-42A3-9474-1A3956D46DE8}") = "Tests", "Tests", "{F941BE16-C869-4D38-8428-167E8503ADFB}"
EndProject
Project("{FAE04EC0-301F-11D3-BF4B-00C04F79EFBC}") = "CarRental.BL", "CarRental.BL\CarRental.BL.csproj", "{837D9245-D8D5-4B57-BFD7-F4EA20CA1E22}"
EndProject
Project("{FAE04EC0-301F-11D3-BF4B-00C04F79EFBC}") = "CarRental.BLTest", "Test\CarRental.BLTest\CarRental.BLTest.csproj", "{58F4EC53-47C0-4448-AF2C-7044D5CDCC8E}"
EndProject
Project("{FAE04EC0-301F-11D3-BF4B-00C04F79EFBC}") = "CarRental.Common", "CarRental.Common\CarRental.Common.csproj", "{1014BD87-F36E-4C58-98E7-059B629EF938}"
EndProject
Global
	GlobalSection(SolutionConfigurationPlatforms) = preSolution
		Debug|Any CPU = Debug|Any CPU
		Release|Any CPU = Release|Any CPU
	EndGlobalSection
	GlobalSection(ProjectConfigurationPlatforms) = postSolution
		{837D9245-D8D5-4B57-BFD7-F4EA20CA1E22}.Debug|Any CPU.ActiveCfg = Debug|Any CPU
		{837D9245-D8D5-4B57-BFD7-F4EA20CA1E22}.Debug|Any CPU.Build.0 = Debug|Any CPU
		{837D9245-D8D5-4B57-BFD7-F4EA20CA1E22}.Release|Any CPU.ActiveCfg = Release|Any CPU
		{837D9245-D8D5-4B57-BFD7-F4EA20CA1E22}.Release|Any CPU.Build.0 = Release|Any CPU
		{58F4EC53-47C0-4448-AF2C-7044D5CDCC8E}.Debug|Any CPU.ActiveCfg = Debug|Any CPU
		{58F4EC53-47C0-4448-AF2C-7044D5CDCC8E}.Debug|Any CPU.Build.0 = Debug|Any CPU
		{58F4EC53-47C0-4448-AF2C-7044D5CDCC8E}.Release|Any CPU.ActiveCfg = Release|Any CPU
		{58F4EC53-47C0-4448-AF2C-7044D5CDCC8E}.Release|Any CPU.Build.0 = Release|Any CPU
		{1014BD87-F36E-4C58-98E7-059B629EF938}.Debug|Any CPU.ActiveCfg = Debug|Any CPU
		{1014BD87-F36E-4C58-98E7-059B629EF938}.Debug|Any CPU.Build.0 = Debug|Any CPU
		{1014BD87-F36E-4C58-98E7-059B629EF938}.Release|Any CPU.ActiveCfg = Release|Any CPU
		{1014BD87-F36E-4C58-98E7-059B629EF938}.Release|Any CPU.Build.0 = Release|Any CPU
	EndGlobalSection
	GlobalSection(SolutionProperties) = preSolution
		HideSolutionNode = FALSE
	EndGlobalSection
	GlobalSection(NestedProjects) = preSolution
		{58F4EC53-47C0-4448-AF2C-7044D5CDCC8E} = {F941BE16-C869-4D38-8428-167E8503ADFB}
	EndGlobalSection
EndGlobal
